
Microsoft Visual Studio Solution File, Format Version 12.00
# Visual Studio Version 17
VisualStudioVersion = 17.0.32014.148
MinimumVisualStudioVersion = 10.0.40219.1
Project("{2150E333-8FDC-42A3-9474-1A3956D46DE8}") = "Libraries", "Libraries", "{B20496F3-634E-4134-8C21-DCACDD71242A}"
EndProject
Project("{2150E333-8FDC-42A3-9474-1A3956D46DE8}") = "GUI's", "GUI's", "{A54FCF74-C1D3-401C-8C49-181220EEF521}"
EndProject
Project("{2150E333-8FDC-42A3-9474-1A3956D46DE8}") = "Test", "Test", "{E3BC2CFE-0F05-4513-AF59-0AAD57817D6F}"
EndProject
Project("{9A19103F-16F7-4668-BE54-9A1E7A4F7556}") = "CopyDB", "Test\CopyDB\CopyDB.csproj", "{22F5CB77-51A5-4A02-9C6D-CB12E4B3ADE6}"
EndProject
Project("{9A19103F-16F7-4668-BE54-9A1E7A4F7556}") = "Parsers", "Libraries\Parsers\Parsers.csproj", "{6CA78726-54C8-4EE7-9EDD-4F7CD943C59F}"
EndProject
Project("{9A19103F-16F7-4668-BE54-9A1E7A4F7556}") = "Mapper", "GUI's\Mapper\Mapper.csproj", "{2278C9FD-2FB7-42E5-BD0D-9EB345847D65}"
EndProject
Project("{9A19103F-16F7-4668-BE54-9A1E7A4F7556}") = "TestConsoleApp", "Test\TestConsoleApp\TestConsoleApp.csproj", "{24AA09AE-79AD-4AD0-BD4A-6F268DF47179}"
EndProject
Project("{9A19103F-16F7-4668-BE54-9A1E7A4F7556}") = "HMIWeb", "Libraries\HMIWeb\HMIWeb.csproj", "{F5DFE645-BA5E-40B8-B11D-31C417A73E88}"
EndProject
Project("{2150E333-8FDC-42A3-9474-1A3956D46DE8}") = "Models", "Models", "{DD7AD958-CF08-4B6D-9C27-7DA8E0E09081}"
EndProject
Project("{9A19103F-16F7-4668-BE54-9A1E7A4F7556}") = "Database", "Models\Database\Database.csproj", "{1ECC19DD-C7B6-4597-A44C-4393DA4D0899}"
EndProject
Project("{9A19103F-16F7-4668-BE54-9A1E7A4F7556}") = "Experion", "Models\Experion\Experion.csproj", "{2C310B57-5016-4F75-803E-66D6930D950F}"
EndProject
Project("{9A19103F-16F7-4668-BE54-9A1E7A4F7556}") = "TDC", "Models\TDC\TDC.csproj", "{11F05CE0-0088-4FBD-94FB-754CDF3F4DCB}"
EndProject
Project("{9A19103F-16F7-4668-BE54-9A1E7A4F7556}") = "TDC Parser", "GUI's\TDC Parser\TDC Parser.csproj", "{5BB670D8-7AA1-4072-8422-CD82EB08789D}"
EndProject
Project("{9A19103F-16F7-4668-BE54-9A1E7A4F7556}") = "Experion GFX Parser", "GUI's\Experion GFX Parser\Experion GFX Parser.csproj", "{F59B466D-3CCA-4FCC-B9D6-771194A55BD7}"
EndProject
Global
	GlobalSection(SolutionConfigurationPlatforms) = preSolution
		Debug|Any CPU = Debug|Any CPU
		Debug|x64 = Debug|x64
		Debug|x86 = Debug|x86
		Release|Any CPU = Release|Any CPU
		Release|x64 = Release|x64
		Release|x86 = Release|x86
	EndGlobalSection
	GlobalSection(ProjectConfigurationPlatforms) = postSolution
		{22F5CB77-51A5-4A02-9C6D-CB12E4B3ADE6}.Debug|Any CPU.ActiveCfg = Debug|Any CPU
		{22F5CB77-51A5-4A02-9C6D-CB12E4B3ADE6}.Debug|Any CPU.Build.0 = Debug|Any CPU
		{22F5CB77-51A5-4A02-9C6D-CB12E4B3ADE6}.Debug|x64.ActiveCfg = Debug|Any CPU
		{22F5CB77-51A5-4A02-9C6D-CB12E4B3ADE6}.Debug|x64.Build.0 = Debug|Any CPU
		{22F5CB77-51A5-4A02-9C6D-CB12E4B3ADE6}.Debug|x86.ActiveCfg = Debug|Any CPU
		{22F5CB77-51A5-4A02-9C6D-CB12E4B3ADE6}.Debug|x86.Build.0 = Debug|Any CPU
		{22F5CB77-51A5-4A02-9C6D-CB12E4B3ADE6}.Release|Any CPU.ActiveCfg = Release|Any CPU
		{22F5CB77-51A5-4A02-9C6D-CB12E4B3ADE6}.Release|Any CPU.Build.0 = Release|Any CPU
		{22F5CB77-51A5-4A02-9C6D-CB12E4B3ADE6}.Release|x64.ActiveCfg = Release|Any CPU
		{22F5CB77-51A5-4A02-9C6D-CB12E4B3ADE6}.Release|x64.Build.0 = Release|Any CPU
		{22F5CB77-51A5-4A02-9C6D-CB12E4B3ADE6}.Release|x86.ActiveCfg = Release|Any CPU
		{22F5CB77-51A5-4A02-9C6D-CB12E4B3ADE6}.Release|x86.Build.0 = Release|Any CPU
		{6CA78726-54C8-4EE7-9EDD-4F7CD943C59F}.Debug|Any CPU.ActiveCfg = Debug|Any CPU
		{6CA78726-54C8-4EE7-9EDD-4F7CD943C59F}.Debug|Any CPU.Build.0 = Debug|Any CPU
		{6CA78726-54C8-4EE7-9EDD-4F7CD943C59F}.Debug|x64.ActiveCfg = Debug|Any CPU
		{6CA78726-54C8-4EE7-9EDD-4F7CD943C59F}.Debug|x64.Build.0 = Debug|Any CPU
		{6CA78726-54C8-4EE7-9EDD-4F7CD943C59F}.Debug|x86.ActiveCfg = Debug|Any CPU
		{6CA78726-54C8-4EE7-9EDD-4F7CD943C59F}.Debug|x86.Build.0 = Debug|Any CPU
		{6CA78726-54C8-4EE7-9EDD-4F7CD943C59F}.Release|Any CPU.ActiveCfg = Release|Any CPU
		{6CA78726-54C8-4EE7-9EDD-4F7CD943C59F}.Release|Any CPU.Build.0 = Release|Any CPU
		{6CA78726-54C8-4EE7-9EDD-4F7CD943C59F}.Release|x64.ActiveCfg = Release|Any CPU
		{6CA78726-54C8-4EE7-9EDD-4F7CD943C59F}.Release|x64.Build.0 = Release|Any CPU
		{6CA78726-54C8-4EE7-9EDD-4F7CD943C59F}.Release|x86.ActiveCfg = Release|Any CPU
		{6CA78726-54C8-4EE7-9EDD-4F7CD943C59F}.Release|x86.Build.0 = Release|Any CPU
		{2278C9FD-2FB7-42E5-BD0D-9EB345847D65}.Debug|Any CPU.ActiveCfg = Debug|Any CPU
		{2278C9FD-2FB7-42E5-BD0D-9EB345847D65}.Debug|Any CPU.Build.0 = Debug|Any CPU
		{2278C9FD-2FB7-42E5-BD0D-9EB345847D65}.Debug|x64.ActiveCfg = Debug|Any CPU
		{2278C9FD-2FB7-42E5-BD0D-9EB345847D65}.Debug|x64.Build.0 = Debug|Any CPU
		{2278C9FD-2FB7-42E5-BD0D-9EB345847D65}.Debug|x86.ActiveCfg = Debug|Any CPU
		{2278C9FD-2FB7-42E5-BD0D-9EB345847D65}.Debug|x86.Build.0 = Debug|Any CPU
		{2278C9FD-2FB7-42E5-BD0D-9EB345847D65}.Release|Any CPU.ActiveCfg = Release|Any CPU
		{2278C9FD-2FB7-42E5-BD0D-9EB345847D65}.Release|Any CPU.Build.0 = Release|Any CPU
		{2278C9FD-2FB7-42E5-BD0D-9EB345847D65}.Release|x64.ActiveCfg = Release|Any CPU
		{2278C9FD-2FB7-42E5-BD0D-9EB345847D65}.Release|x64.Build.0 = Release|Any CPU
		{2278C9FD-2FB7-42E5-BD0D-9EB345847D65}.Release|x86.ActiveCfg = Release|Any CPU
		{2278C9FD-2FB7-42E5-BD0D-9EB345847D65}.Release|x86.Build.0 = Release|Any CPU
		{24AA09AE-79AD-4AD0-BD4A-6F268DF47179}.Debug|Any CPU.ActiveCfg = Debug|Any CPU
		{24AA09AE-79AD-4AD0-BD4A-6F268DF47179}.Debug|Any CPU.Build.0 = Debug|Any CPU
		{24AA09AE-79AD-4AD0-BD4A-6F268DF47179}.Debug|x64.ActiveCfg = Debug|Any CPU
		{24AA09AE-79AD-4AD0-BD4A-6F268DF47179}.Debug|x64.Build.0 = Debug|Any CPU
		{24AA09AE-79AD-4AD0-BD4A-6F268DF47179}.Debug|x86.ActiveCfg = Debug|Any CPU
		{24AA09AE-79AD-4AD0-BD4A-6F268DF47179}.Debug|x86.Build.0 = Debug|Any CPU
		{24AA09AE-79AD-4AD0-BD4A-6F268DF47179}.Release|Any CPU.ActiveCfg = Release|Any CPU
		{24AA09AE-79AD-4AD0-BD4A-6F268DF47179}.Release|Any CPU.Build.0 = Release|Any CPU
		{24AA09AE-79AD-4AD0-BD4A-6F268DF47179}.Release|x64.ActiveCfg = Release|Any CPU
		{24AA09AE-79AD-4AD0-BD4A-6F268DF47179}.Release|x64.Build.0 = Release|Any CPU
		{24AA09AE-79AD-4AD0-BD4A-6F268DF47179}.Release|x86.ActiveCfg = Release|Any CPU
		{24AA09AE-79AD-4AD0-BD4A-6F268DF47179}.Release|x86.Build.0 = Release|Any CPU
		{F5DFE645-BA5E-40B8-B11D-31C417A73E88}.Debug|Any CPU.ActiveCfg = Debug|Any CPU
		{F5DFE645-BA5E-40B8-B11D-31C417A73E88}.Debug|Any CPU.Build.0 = Debug|Any CPU
		{F5DFE645-BA5E-40B8-B11D-31C417A73E88}.Debug|x64.ActiveCfg = Debug|Any CPU
		{F5DFE645-BA5E-40B8-B11D-31C417A73E88}.Debug|x64.Build.0 = Debug|Any CPU
		{F5DFE645-BA5E-40B8-B11D-31C417A73E88}.Debug|x86.ActiveCfg = Debug|Any CPU
		{F5DFE645-BA5E-40B8-B11D-31C417A73E88}.Debug|x86.Build.0 = Debug|Any CPU
		{F5DFE645-BA5E-40B8-B11D-31C417A73E88}.Release|Any CPU.ActiveCfg = Release|Any CPU
		{F5DFE645-BA5E-40B8-B11D-31C417A73E88}.Release|Any CPU.Build.0 = Release|Any CPU
		{F5DFE645-BA5E-40B8-B11D-31C417A73E88}.Release|x64.ActiveCfg = Release|Any CPU
		{F5DFE645-BA5E-40B8-B11D-31C417A73E88}.Release|x64.Build.0 = Release|Any CPU
		{F5DFE645-BA5E-40B8-B11D-31C417A73E88}.Release|x86.ActiveCfg = Release|Any CPU
		{F5DFE645-BA5E-40B8-B11D-31C417A73E88}.Release|x86.Build.0 = Release|Any CPU
		{1ECC19DD-C7B6-4597-A44C-4393DA4D0899}.Debug|Any CPU.ActiveCfg = Debug|Any CPU
		{1ECC19DD-C7B6-4597-A44C-4393DA4D0899}.Debug|Any CPU.Build.0 = Debug|Any CPU
		{1ECC19DD-C7B6-4597-A44C-4393DA4D0899}.Debug|x64.ActiveCfg = Debug|Any CPU
		{1ECC19DD-C7B6-4597-A44C-4393DA4D0899}.Debug|x64.Build.0 = Debug|Any CPU
		{1ECC19DD-C7B6-4597-A44C-4393DA4D0899}.Debug|x86.ActiveCfg = Debug|Any CPU
		{1ECC19DD-C7B6-4597-A44C-4393DA4D0899}.Debug|x86.Build.0 = Debug|Any CPU
		{1ECC19DD-C7B6-4597-A44C-4393DA4D0899}.Release|Any CPU.ActiveCfg = Release|Any CPU
		{1ECC19DD-C7B6-4597-A44C-4393DA4D0899}.Release|Any CPU.Build.0 = Release|Any CPU
		{1ECC19DD-C7B6-4597-A44C-4393DA4D0899}.Release|x64.ActiveCfg = Release|Any CPU
		{1ECC19DD-C7B6-4597-A44C-4393DA4D0899}.Release|x64.Build.0 = Release|Any CPU
		{1ECC19DD-C7B6-4597-A44C-4393DA4D0899}.Release|x86.ActiveCfg = Release|Any CPU
		{1ECC19DD-C7B6-4597-A44C-4393DA4D0899}.Release|x86.Build.0 = Release|Any CPU
		{2C310B57-5016-4F75-803E-66D6930D950F}.Debug|Any CPU.ActiveCfg = Debug|Any CPU
		{2C310B57-5016-4F75-803E-66D6930D950F}.Debug|Any CPU.Build.0 = Debug|Any CPU
		{2C310B57-5016-4F75-803E-66D6930D950F}.Debug|x64.ActiveCfg = Debug|Any CPU
		{2C310B57-5016-4F75-803E-66D6930D950F}.Debug|x64.Build.0 = Debug|Any CPU
		{2C310B57-5016-4F75-803E-66D6930D950F}.Debug|x86.ActiveCfg = Debug|Any CPU
		{2C310B57-5016-4F75-803E-66D6930D950F}.Debug|x86.Build.0 = Debug|Any CPU
		{2C310B57-5016-4F75-803E-66D6930D950F}.Release|Any CPU.ActiveCfg = Release|Any CPU
		{2C310B57-5016-4F75-803E-66D6930D950F}.Release|Any CPU.Build.0 = Release|Any CPU
		{2C310B57-5016-4F75-803E-66D6930D950F}.Release|x64.ActiveCfg = Release|Any CPU
		{2C310B57-5016-4F75-803E-66D6930D950F}.Release|x64.Build.0 = Release|Any CPU
		{2C310B57-5016-4F75-803E-66D6930D950F}.Release|x86.ActiveCfg = Release|Any CPU
		{2C310B57-5016-4F75-803E-66D6930D950F}.Release|x86.Build.0 = Release|Any CPU
		{11F05CE0-0088-4FBD-94FB-754CDF3F4DCB}.Debug|Any CPU.ActiveCfg = Debug|Any CPU
		{11F05CE0-0088-4FBD-94FB-754CDF3F4DCB}.Debug|Any CPU.Build.0 = Debug|Any CPU
		{11F05CE0-0088-4FBD-94FB-754CDF3F4DCB}.Debug|x64.ActiveCfg = Debug|Any CPU
		{11F05CE0-0088-4FBD-94FB-754CDF3F4DCB}.Debug|x64.Build.0 = Debug|Any CPU
		{11F05CE0-0088-4FBD-94FB-754CDF3F4DCB}.Debug|x86.ActiveCfg = Debug|Any CPU
		{11F05CE0-0088-4FBD-94FB-754CDF3F4DCB}.Debug|x86.Build.0 = Debug|Any CPU
		{11F05CE0-0088-4FBD-94FB-754CDF3F4DCB}.Release|Any CPU.ActiveCfg = Release|Any CPU
		{11F05CE0-0088-4FBD-94FB-754CDF3F4DCB}.Release|Any CPU.Build.0 = Release|Any CPU
		{11F05CE0-0088-4FBD-94FB-754CDF3F4DCB}.Release|x64.ActiveCfg = Release|Any CPU
		{11F05CE0-0088-4FBD-94FB-754CDF3F4DCB}.Release|x64.Build.0 = Release|Any CPU
		{11F05CE0-0088-4FBD-94FB-754CDF3F4DCB}.Release|x86.ActiveCfg = Release|Any CPU
		{11F05CE0-0088-4FBD-94FB-754CDF3F4DCB}.Release|x86.Build.0 = Release|Any CPU
		{5BB670D8-7AA1-4072-8422-CD82EB08789D}.Debug|Any CPU.ActiveCfg = Debug|Any CPU
		{5BB670D8-7AA1-4072-8422-CD82EB08789D}.Debug|Any CPU.Build.0 = Debug|Any CPU
		{5BB670D8-7AA1-4072-8422-CD82EB08789D}.Debug|x64.ActiveCfg = Debug|Any CPU
		{5BB670D8-7AA1-4072-8422-CD82EB08789D}.Debug|x64.Build.0 = Debug|Any CPU
		{5BB670D8-7AA1-4072-8422-CD82EB08789D}.Debug|x86.ActiveCfg = Debug|Any CPU
		{5BB670D8-7AA1-4072-8422-CD82EB08789D}.Debug|x86.Build.0 = Debug|Any CPU
		{5BB670D8-7AA1-4072-8422-CD82EB08789D}.Release|Any CPU.ActiveCfg = Release|Any CPU
		{5BB670D8-7AA1-4072-8422-CD82EB08789D}.Release|Any CPU.Build.0 = Release|Any CPU
		{5BB670D8-7AA1-4072-8422-CD82EB08789D}.Release|x64.ActiveCfg = Release|Any CPU
		{5BB670D8-7AA1-4072-8422-CD82EB08789D}.Release|x64.Build.0 = Release|Any CPU
		{5BB670D8-7AA1-4072-8422-CD82EB08789D}.Release|x86.ActiveCfg = Release|Any CPU
		{5BB670D8-7AA1-4072-8422-CD82EB08789D}.Release|x86.Build.0 = Release|Any CPU
		{F59B466D-3CCA-4FCC-B9D6-771194A55BD7}.Debug|Any CPU.ActiveCfg = Debug|Any CPU
		{F59B466D-3CCA-4FCC-B9D6-771194A55BD7}.Debug|Any CPU.Build.0 = Debug|Any CPU
		{F59B466D-3CCA-4FCC-B9D6-771194A55BD7}.Debug|x64.ActiveCfg = Debug|Any CPU
		{F59B466D-3CCA-4FCC-B9D6-771194A55BD7}.Debug|x64.Build.0 = Debug|Any CPU
		{F59B466D-3CCA-4FCC-B9D6-771194A55BD7}.Debug|x86.ActiveCfg = Debug|Any CPU
		{F59B466D-3CCA-4FCC-B9D6-771194A55BD7}.Debug|x86.Build.0 = Debug|Any CPU
		{F59B466D-3CCA-4FCC-B9D6-771194A55BD7}.Release|Any CPU.ActiveCfg = Release|Any CPU
		{F59B466D-3CCA-4FCC-B9D6-771194A55BD7}.Release|Any CPU.Build.0 = Release|Any CPU
		{F59B466D-3CCA-4FCC-B9D6-771194A55BD7}.Release|x64.ActiveCfg = Release|Any CPU
		{F59B466D-3CCA-4FCC-B9D6-771194A55BD7}.Release|x64.Build.0 = Release|Any CPU
		{F59B466D-3CCA-4FCC-B9D6-771194A55BD7}.Release|x86.ActiveCfg = Release|Any CPU
		{F59B466D-3CCA-4FCC-B9D6-771194A55BD7}.Release|x86.Build.0 = Release|Any CPU
	EndGlobalSection
	GlobalSection(SolutionProperties) = preSolution
		HideSolutionNode = FALSE
	EndGlobalSection
	GlobalSection(NestedProjects) = preSolution
		{22F5CB77-51A5-4A02-9C6D-CB12E4B3ADE6} = {E3BC2CFE-0F05-4513-AF59-0AAD57817D6F}
		{6CA78726-54C8-4EE7-9EDD-4F7CD943C59F} = {B20496F3-634E-4134-8C21-DCACDD71242A}
		{2278C9FD-2FB7-42E5-BD0D-9EB345847D65} = {A54FCF74-C1D3-401C-8C49-181220EEF521}
		{24AA09AE-79AD-4AD0-BD4A-6F268DF47179} = {E3BC2CFE-0F05-4513-AF59-0AAD57817D6F}
		{F5DFE645-BA5E-40B8-B11D-31C417A73E88} = {B20496F3-634E-4134-8C21-DCACDD71242A}
		{1ECC19DD-C7B6-4597-A44C-4393DA4D0899} = {DD7AD958-CF08-4B6D-9C27-7DA8E0E09081}
		{2C310B57-5016-4F75-803E-66D6930D950F} = {DD7AD958-CF08-4B6D-9C27-7DA8E0E09081}
		{11F05CE0-0088-4FBD-94FB-754CDF3F4DCB} = {DD7AD958-CF08-4B6D-9C27-7DA8E0E09081}
		{5BB670D8-7AA1-4072-8422-CD82EB08789D} = {A54FCF74-C1D3-401C-8C49-181220EEF521}
		{F59B466D-3CCA-4FCC-B9D6-771194A55BD7} = {A54FCF74-C1D3-401C-8C49-181220EEF521}
	EndGlobalSection
	GlobalSection(ExtensibilityGlobals) = postSolution
		SolutionGuid = {D861E496-7902-443A-8A98-21B55CF7A905}
	EndGlobalSection
EndGlobal
